
Microsoft Visual Studio Solution File, Format Version 12.00
# Visual Studio 2013
VisualStudioVersion = 12.0.40629.0
MinimumVisualStudioVersion = 10.0.40219.1
Project("{6141683F-8A12-4E36-9623-2EB02B2C2303}") = "TankiInstaller", "TankiInstaller\TankiInstaller.isproj", "{12B2705C-C1DB-4E07-B1B3-07DE2412B360}"
EndProject
Global
	GlobalSection(SolutionConfigurationPlatforms) = preSolution
		CD_ROM|Default = CD_ROM|Default
		DVD-5|Default = DVD-5|Default
		SingleImage|Default = SingleImage|Default
	EndGlobalSection
	GlobalSection(ProjectConfigurationPlatforms) = postSolution
		{12B2705C-C1DB-4E07-B1B3-07DE2412B360}.CD_ROM|Default.ActiveCfg = CD_ROM
		{12B2705C-C1DB-4E07-B1B3-07DE2412B360}.CD_ROM|Default.Build.0 = CD_ROM
		{12B2705C-C1DB-4E07-B1B3-07DE2412B360}.DVD-5|Default.ActiveCfg = SingleImage
		{12B2705C-C1DB-4E07-B1B3-07DE2412B360}.DVD-5|Default.Build.0 = SingleImage
		{12B2705C-C1DB-4E07-B1B3-07DE2412B360}.SingleImage|Default.ActiveCfg = SingleImage
		{12B2705C-C1DB-4E07-B1B3-07DE2412B360}.SingleImage|Default.Build.0 = SingleImage
	EndGlobalSection
	GlobalSection(SolutionProperties) = preSolution
		HideSolutionNode = FALSE
	EndGlobalSection
EndGlobal
